Microsoft Visual Studio Solution File, Format Version 12.00
# Visual Studio Version 17
VisualStudioVersion = 17.5.2.0
MinimumVisualStudioVersion = 10.0.40219.1
Project("{FAE04EC0-301F-11D3-BF4B-00C04F79EFBC}") = "OishipanAPI", "OishipanAPI\OishipanAPI.csproj", "{7F3E4E45-CF15-E156-3630-F68E1EE4970B}"
EndProject
Project("{FAE04EC0-301F-11D3-BF4B-00C04F79EFBC}") = "OishipanMVC", "OishipanMVC\OishipanMVC.csproj", "{129DE375-D6D3-B0B9-3723-8AB772316A37}"
EndProject
Global
	GlobalSection(SolutionConfigurationPlatforms) = preSolution
		Debug|Any CPU = Debug|Any CPU
		Release|Any CPU = Release|Any CPU
	EndGlobalSection
	GlobalSection(ProjectConfigurationPlatforms) = postSolution
		{7F3E4E45-CF15-E156-3630-F68E1EE4970B}.Debug|Any CPU.ActiveCfg = Debug|Any CPU
		{7F3E4E45-CF15-E156-3630-F68E1EE4970B}.Debug|Any CPU.Build.0 = Debug|Any CPU
		{7F3E4E45-CF15-E156-3630-F68E1EE4970B}.Release|Any CPU.ActiveCfg = Release|Any CPU
		{7F3E4E45-CF15-E156-3630-F68E1EE4970B}.Release|Any CPU.Build.0 = Release|Any CPU
		{129DE375-D6D3-B0B9-3723-8AB772316A37}.Debug|Any CPU.ActiveCfg = Debug|Any CPU
		{129DE375-D6D3-B0B9-3723-8AB772316A37}.Debug|Any CPU.Build.0 = Debug|Any CPU
		{129DE375-D6D3-B0B9-3723-8AB772316A37}.Release|Any CPU.ActiveCfg = Release|Any CPU
		{129DE375-D6D3-B0B9-3723-8AB772316A37}.Release|Any CPU.Build.0 = Release|Any CPU
	EndGlobalSection
	GlobalSection(SolutionProperties) = preSolution
		HideSolutionNode = FALSE
	EndGlobalSection
	GlobalSection(ExtensibilityGlobals) = postSolution
		SolutionGuid = {16CC93F5-843D-46F7-BE21-AB7E64662D37}
	EndGlobalSection
EndGlobal
